
Microsoft Visual Studio Solution File, Format Version 12.00
# Visual Studio 15
VisualStudioVersion = 15.0.26124.0
MinimumVisualStudioVersion = 15.0.26124.0
Project("{2150E333-8FDC-42A3-9474-1A3956D46DE8}") = "src", "src", "{DD818734-A8F1-482F-9F52-793B9B9C1D5F}"
EndProject
Project("{2150E333-8FDC-42A3-9474-1A3956D46DE8}") = "WebApp", "WebApp", "{A1702A12-4F00-44F7-9BF3-B90D0EE0117A}"
EndProject
Project("{9A19103F-16F7-4668-BE54-9A1E7A4F7556}") = "WebApp", "src\WebApp\WebApp.csproj", "{3FA32283-8F99-4567-8F18-1433830D42EA}"
EndProject
Project("{2150E333-8FDC-42A3-9474-1A3956D46DE8}") = "Services", "Services", "{CEEADB69-6A22-46C6-AD40-E7CCDCBED5EC}"
EndProject
Project("{2150E333-8FDC-42A3-9474-1A3956D46DE8}") = "BuildingBlocks", "BuildingBlocks", "{5A4D0324-09EE-4104-814B-9FA4D11E321B}"
EndProject
Project("{2150E333-8FDC-42A3-9474-1A3956D46DE8}") = "AutoMapper", "AutoMapper", "{56D0A64F-0DE3-4BFF-AC82-C6C45CA66E23}"
EndProject
Project("{2150E333-8FDC-42A3-9474-1A3956D46DE8}") = "Login", "Login", "{568A2B3F-992C-48A1-AD3A-A43872F1BAC9}"
EndProject
Project("{9A19103F-16F7-4668-BE54-9A1E7A4F7556}") = "Login.API", "src\Services\Domain\Login\Login.API\Login.API.csproj", "{894DEAC8-A959-484E-9EEB-7F4FDF17172A}"
EndProject
Project("{2150E333-8FDC-42A3-9474-1A3956D46DE8}") = "PaidServices", "PaidServices", "{42F07A9B-B6CC-4634-92BF-5EB1305A0662}"
EndProject
Project("{9A19103F-16F7-4668-BE54-9A1E7A4F7556}") = "PaidServices.API", "src\Services\Domain\PaidServices\PaidServices.API\PaidServices.API.csproj", "{8AAF82CD-E86A-4ACC-8B9B-0A702D39A8CD}"
EndProject
Project("{2150E333-8FDC-42A3-9474-1A3956D46DE8}") = "Employers", "Employers", "{4A607B19-C3EA-4922-A7D6-44B67DE74B23}"
EndProject
Project("{9A19103F-16F7-4668-BE54-9A1E7A4F7556}") = "Employers.API", "src\Services\Domain\Employers\Employers.API\Employers.API.csproj", "{1C388065-AF28-41F2-B05A-B16ECFACAB4B}"
EndProject
Project("{2150E333-8FDC-42A3-9474-1A3956D46DE8}") = "EducationalInstitutions", "EducationalInstitutions", "{C6898F17-465A-4DBF-B5A8-9B09D33C33EF}"
EndProject
Project("{2150E333-8FDC-42A3-9474-1A3956D46DE8}") = "Resumes", "Resumes", "{B6E5CA26-AF0A-49E4-BF08-830AF87D9D91}"
EndProject
Project("{9A19103F-16F7-4668-BE54-9A1E7A4F7556}") = "Resumes.API", "src\Services\Domain\Resumes\Resumes.API\Resumes.API.csproj", "{6CF9B78F-AAB0-4F84-8D71-075185E06FA0}"
EndProject
Project("{2150E333-8FDC-42A3-9474-1A3956D46DE8}") = "Vacancies", "Vacancies", "{2A69D80D-B0E4-472C-8B30-83CE5D1D8778}"
EndProject
Project("{9A19103F-16F7-4668-BE54-9A1E7A4F7556}") = "Vacancies.API", "src\Services\Domain\Vacancies\Vacancies.API\Vacancies.API.csproj", "{C67790A4-C102-4856-A257-3B6B418BBB82}"
EndProject
Project("{2150E333-8FDC-42A3-9474-1A3956D46DE8}") = "BrandedTemplates", "BrandedTemplates", "{F7204CEE-905A-4472-898E-A12E489E374F}"
EndProject
Project("{2150E333-8FDC-42A3-9474-1A3956D46DE8}") = "Domain", "Domain", "{B8ED6D97-95AD-466E-ABD7-5A61C18771BF}"
EndProject
Project("{2150E333-8FDC-42A3-9474-1A3956D46DE8}") = "Technical", "Technical", "{234E9B42-67EA-4A83-B252-5A3D24036635}"
EndProject
Project("{2150E333-8FDC-42A3-9474-1A3956D46DE8}") = "EmailNotifications", "EmailNotifications", "{DBAA06D6-16F2-4AC8-83EE-A9FAED6DD79D}"
EndProject
Project("{9A19103F-16F7-4668-BE54-9A1E7A4F7556}") = "EmailNotifications.API", "src\Services\Technical\EmailNotifications\EmailNotifications.API\EmailNotifications.API.csproj", "{6BF6E399-6CAE-4204-BD7C-2C6599595045}"
EndProject
Project("{2150E333-8FDC-42A3-9474-1A3956D46DE8}") = "Notifications", "Notifications", "{478B1865-9AC0-4297-A325-400F1D5B68DC}"
EndProject
Project("{9A19103F-16F7-4668-BE54-9A1E7A4F7556}") = "Notifications.API", "src\Services\Domain\Notifications\Notifications.API\Notifications.API.csproj", "{E503106A-4593-4CC4-8B78-1D6C1C6DB715}"
EndProject
Project("{9A19103F-16F7-4668-BE54-9A1E7A4F7556}") = "BrandedTemplates.Db", "src\Services\Domain\BrandedTemplates\BrandedTemplates.Db\BrandedTemplates.Db.csproj", "{0F582CE9-015E-46B3-B17F-EA75DFD6DCDA}"
EndProject
Project("{9A19103F-16F7-4668-BE54-9A1E7A4F7556}") = "EducationalInstitutions.Db", "src\Services\Domain\EducationalInstitutions\EducationalInstitutions.Db\EducationalInstitutions.Db.csproj", "{F6DCAD6D-6716-42F9-B48A-554585C8F74C}"
EndProject
Project("{9A19103F-16F7-4668-BE54-9A1E7A4F7556}") = "Login.Db", "src\Services\Domain\Login\Login.Db\Login.Db.csproj", "{75ABB09F-FA33-4C74-ABA3-E5E7FD4E4369}"
EndProject
Project("{9A19103F-16F7-4668-BE54-9A1E7A4F7556}") = "PaidServices.Db", "src\Services\Domain\PaidServices\PaidServices.Db\PaidServices.Db.csproj", "{3694024C-F111-4AEF-9D67-E49FC05E6FB6}"
EndProject
Project("{9A19103F-16F7-4668-BE54-9A1E7A4F7556}") = "Resumes.Db", "src\Services\Domain\Resumes\Resumes.Db\Resumes.Db.csproj", "{0661C717-ABD9-4396-8550-2FD72C5E7FF6}"
EndProject
Project("{9A19103F-16F7-4668-BE54-9A1E7A4F7556}") = "Employers.Db", "src\Services\Domain\Employers\Employers.Db\Employers.Db.csproj", "{450D859C-4312-4211-9D8B-5CEFEDA0F1D8}"
EndProject
Project("{9A19103F-16F7-4668-BE54-9A1E7A4F7556}") = "Vacancies.Db", "src\Services\Domain\Vacancies\Vacancies.Db\Vacancies.Db.csproj", "{2408C1E8-3669-4B12-9096-12B76AD8B7B5}"
EndProject
Project("{2150E333-8FDC-42A3-9474-1A3956D46DE8}") = "Assemblies", "Assemblies", "{D7980213-9778-42C3-9F98-9ACC4FD5880E}"
EndProject
Project("{9A19103F-16F7-4668-BE54-9A1E7A4F7556}") = "BuildingBlocks.Extensions.Assemblies", "src\BuildingBlocks\Assemblies\JobObserver.Extensions.Assembly\BuildingBlocks.Extensions.Assemblies.csproj", "{82A0FF80-4E6A-480A-B5A6-DF087D5CAE1A}"
EndProject
Project("{2150E333-8FDC-42A3-9474-1A3956D46DE8}") = "Database", "Database", "{5D0ABCEB-DF92-4B33-AC14-DE4CD6F96201}"
EndProject
Project("{9A19103F-16F7-4668-BE54-9A1E7A4F7556}") = "BrandedTemplates.API", "src\Services\Domain\BrandedTemplates\BrandedTemplates.API\BrandedTemplates.API.csproj", "{CFAE6294-7B91-40D3-B1DB-6ECEAB33D1E4}"
EndProject
Project("{9A19103F-16F7-4668-BE54-9A1E7A4F7556}") = "EducationalInstitutions.API", "src\Services\Domain\EducationalInstitutions\EducationalInstitutions.API\EducationalInstitutions.API.csproj", "{7C5E0F5E-DD21-437D-938C-EE914E49DB9D}"
EndProject
Project("{2150E333-8FDC-42A3-9474-1A3956D46DE8}") = "CareerDays", "CareerDays", "{A7F1B43D-537F-40D3-90A4-A33B3F64FB60}"
EndProject
Project("{9A19103F-16F7-4668-BE54-9A1E7A4F7556}") = "CareerDays.API", "src\Services\Domain\CareerDays\CareerDays.API\CareerDays.API.csproj", "{95DA904B-B89A-4B6B-ABA5-7C8C8F9A44FC}"
EndProject
Project("{9A19103F-16F7-4668-BE54-9A1E7A4F7556}") = "CareerDays.Db", "src\Services\Domain\CareerDays\CareerDays.Db\CareerDays.Db.csproj", "{44924F22-FF60-46C1-97F9-1A9BD1B7EE5C}"
EndProject
Project("{2150E333-8FDC-42A3-9474-1A3956D46DE8}") = "Integration", "Integration", "{93B639E9-D4F6-43AE-913C-45459BCF1EDD}"
EndProject
Project("{2150E333-8FDC-42A3-9474-1A3956D46DE8}") = "EntityFramework", "EntityFramework", "{7095A286-1846-4051-B9E6-98D5CB16B9F3}"
EndProject
Project("{2150E333-8FDC-42A3-9474-1A3956D46DE8}") = "MongoDB", "MongoDB", "{1C1B2B60-997F-448C-A990-1B35E3ABA55C}"
EndProject
Project("{9A19103F-16F7-4668-BE54-9A1E7A4F7556}") = "BuildingBlocks.Extensions.MongoDB", "src\BuildingBlocks\Database\MongoDB\BuildingBlocks.Extensions.MongoDB\BuildingBlocks.Extensions.MongoDB.csproj", "{EB24DADA-7C85-4BCA-A467-9D0D34B7E35E}"
EndProject
Project("{2150E333-8FDC-42A3-9474-1A3956D46DE8}") = "EventBus", "EventBus", "{7853826B-9DBC-4C82-9FC0-3550DDF70EE8}"
EndProject
Project("{9A19103F-16F7-4668-BE54-9A1E7A4F7556}") = "BuildingBlocks.MongoDB", "src\BuildingBlocks\Database\MongoDB\BuildingBlocks.MongoDB\BuildingBlocks.MongoDB.csproj", "{235D292A-E060-439F-87B9-AF685885D63C}"
EndProject
Project("{9A19103F-16F7-4668-BE54-9A1E7A4F7556}") = "BuildingBlocks.MongoDB.Migration", "src\BuildingBlocks\Database\MongoDB\BuildingBlocks.MongoDB.Migration\BuildingBlocks.MongoDB.Migration.csproj", "{F35B92D4-C455-47CB-B3BB-A75EF26EEC88}"
EndProject
Project("{9A19103F-16F7-4668-BE54-9A1E7A4F7556}") = "BuildingBlocks.EntityFramework", "src\BuildingBlocks\Database\EntityFramework\BuildingBlocks.EntityFramework\BuildingBlocks.EntityFramework.csproj", "{F4175CEC-143A-4245-B7C1-F47CCDDAD854}"
EndProject
Project("{9A19103F-16F7-4668-BE54-9A1E7A4F7556}") = "BuildingBlocks.AutoMapper", "src\BuildingBlocks\AutoMapper\BuildingBlocks.AutoMapper\BuildingBlocks.AutoMapper.csproj", "{65D113AD-9271-460B-A048-C5738BAEDFFB}"
EndProject
Project("{9A19103F-16F7-4668-BE54-9A1E7A4F7556}") = "BuildingBlocks.EventBus", "src\BuildingBlocks\EventBus\BuildingBlocks.EventBus\BuildingBlocks.EventBus.csproj", "{B4E817CF-AEB6-416E-BF87-B2C7765259EB}"
EndProject
Project("{9A19103F-16F7-4668-BE54-9A1E7A4F7556}") = "BuildingBlocks.EventBus.RabbitMQ", "src\BuildingBlocks\EventBus\BuildingBlocks.EventBus.RabbitMQ\BuildingBlocks.EventBus.RabbitMQ.csproj", "{D06785DE-764D-4A27-BC22-4B177604FD22}"
EndProject
Project("{9A19103F-16F7-4668-BE54-9A1E7A4F7556}") = "BuildingBlocks.Extensions.EntityFramework", "src\BuildingBlocks\Database\EntityFramework\BuildingBlocks.Extensions.EntityFramework\BuildingBlocks.Extensions.EntityFramework.csproj", "{A2EB9D31-7119-4DA7-9A50-2667058108A1}"
EndProject
Project("{2150E333-8FDC-42A3-9474-1A3956D46DE8}") = "Dictionaries", "Dictionaries", "{3E9DC612-FDFD-46B7-A882-9A4973873F32}"
EndProject
Project("{2150E333-8FDC-42A3-9474-1A3956D46DE8}") = "Tests", "Tests", "{662A1535-7ACA-4EA0-9AEC-C0F3D731A841}"
EndProject
Project("{9A19103F-16F7-4668-BE54-9A1E7A4F7556}") = "Tests.API", "src\Services\Domain\Tests\Tests.API\Tests.API.csproj", "{C7E1E371-C81C-45D0-A601-23CC598A4686}"
EndProject
Project("{9A19103F-16F7-4668-BE54-9A1E7A4F7556}") = "Dictionaries.API", "src\Services\Integration\Dictionaries\Dictionaries.API\Dictionaries.API.csproj", "{3477C6A2-73AF-4F43-9594-FC653EE0BBDA}"
EndProject
Project("{9A19103F-16F7-4668-BE54-9A1E7A4F7556}") = "Dictionaries.Db", "src\Services\Integration\Dictionaries\Dictionaries.Db\Dictionaries.Db.csproj", "{FCE4508B-5C4B-4BDB-8D45-8C70EC279FD6}"
EndProject
Project("{9A19103F-16F7-4668-BE54-9A1E7A4F7556}") = "BrandedTemplates.Dto", "src\Services\Domain\BrandedTemplates\BrandedTemplates.Dto\BrandedTemplates.Dto.csproj", "{A952D1F3-E77A-4978-84FF-7559251F338D}"
EndProject
Project("{9A19103F-16F7-4668-BE54-9A1E7A4F7556}") = "Dictionaries.EventBus", "src\Services\Integration\Dictionaries\Dictionaries.EventBus\Dictionaries.EventBus.csproj", "{86A9D849-DC57-4E89-8FAA-8CD7E1C71F5A}"
EndProject
Project("{9A19103F-16F7-4668-BE54-9A1E7A4F7556}") = "Dictionaries.Dto", "src\Services\Integration\Dictionaries\Dictionaries.Dto\Dictionaries.Dto.csproj", "{A9CE38F9-268C-4EFB-AAB3-EA539A98F8FA}"
EndProject
Project("{2150E333-8FDC-42A3-9474-1A3956D46DE8}") = "DataTransfer", "DataTransfer", "{64BD18B2-B89D-4C0D-B6AA-58C04E079066}"
EndProject
Project("{9A19103F-16F7-4668-BE54-9A1E7A4F7556}") = "BuildingBlocks.DataTransfer", "src\BuildingBlocks\DataTransfer\BuildingBlocks.DataTransfer\BuildingBlocks.DataTransfer.csproj", "{F0B1F164-2F02-41E7-9AC1-4DF0E41BCB6E}"
EndProject
Project("{FAE04EC0-301F-11D3-BF4B-00C04F79EFBC}") = "CareerDays.Dto", "src\Services\Domain\CareerDays\CareerDays.Dto\CareerDays.Dto.csproj", "{A64B0012-600B-4FC2-ABCB-EC6176F450FE}"
EndProject
Project("{FAE04EC0-301F-11D3-BF4B-00C04F79EFBC}") = "CareerDays.EventBus", "src\Services\Domain\CareerDays\CareerDays.EventBus\CareerDays.EventBus.csproj", "{FC39434E-18E9-49F6-B18F-A3FD1ADFA321}"
EndProject
Project("{FAE04EC0-301F-11D3-BF4B-00C04F79EFBC}") = "BuildingBlocks.EventBus.Synchronization", "src\BuildingBlocks\EventBus\BuildingBlocks.EventBus.Synchronization\BuildingBlocks.EventBus.Synchronization.csproj", "{ABAFF387-5C8A-4D32-A648-E4EB0573DFAC}"
EndProject
Global
	GlobalSection(SolutionConfigurationPlatforms) = preSolution
		Debug|Any CPU = Debug|Any CPU
		Release|Any CPU = Release|Any CPU
	EndGlobalSection
	GlobalSection(ProjectConfigurationPlatforms) = postSolution
		{3FA32283-8F99-4567-8F18-1433830D42EA}.Debug|Any CPU.ActiveCfg = Debug|Any CPU
		{3FA32283-8F99-4567-8F18-1433830D42EA}.Debug|Any CPU.Build.0 = Debug|Any CPU
		{3FA32283-8F99-4567-8F18-1433830D42EA}.Release|Any CPU.ActiveCfg = Release|Any CPU
		{3FA32283-8F99-4567-8F18-1433830D42EA}.Release|Any CPU.Build.0 = Release|Any CPU
		{894DEAC8-A959-484E-9EEB-7F4FDF17172A}.Debug|Any CPU.ActiveCfg = Debug|Any CPU
		{894DEAC8-A959-484E-9EEB-7F4FDF17172A}.Debug|Any CPU.Build.0 = Debug|Any CPU
		{894DEAC8-A959-484E-9EEB-7F4FDF17172A}.Release|Any CPU.ActiveCfg = Release|Any CPU
		{894DEAC8-A959-484E-9EEB-7F4FDF17172A}.Release|Any CPU.Build.0 = Release|Any CPU
		{8AAF82CD-E86A-4ACC-8B9B-0A702D39A8CD}.Debug|Any CPU.ActiveCfg = Debug|Any CPU
		{8AAF82CD-E86A-4ACC-8B9B-0A702D39A8CD}.Debug|Any CPU.Build.0 = Debug|Any CPU
		{8AAF82CD-E86A-4ACC-8B9B-0A702D39A8CD}.Release|Any CPU.ActiveCfg = Release|Any CPU
		{8AAF82CD-E86A-4ACC-8B9B-0A702D39A8CD}.Release|Any CPU.Build.0 = Release|Any CPU
		{1C388065-AF28-41F2-B05A-B16ECFACAB4B}.Debug|Any CPU.ActiveCfg = Debug|Any CPU
		{1C388065-AF28-41F2-B05A-B16ECFACAB4B}.Debug|Any CPU.Build.0 = Debug|Any CPU
		{1C388065-AF28-41F2-B05A-B16ECFACAB4B}.Release|Any CPU.ActiveCfg = Release|Any CPU
		{1C388065-AF28-41F2-B05A-B16ECFACAB4B}.Release|Any CPU.Build.0 = Release|Any CPU
		{6CF9B78F-AAB0-4F84-8D71-075185E06FA0}.Debug|Any CPU.ActiveCfg = Debug|Any CPU
		{6CF9B78F-AAB0-4F84-8D71-075185E06FA0}.Debug|Any CPU.Build.0 = Debug|Any CPU
		{6CF9B78F-AAB0-4F84-8D71-075185E06FA0}.Release|Any CPU.ActiveCfg = Release|Any CPU
		{6CF9B78F-AAB0-4F84-8D71-075185E06FA0}.Release|Any CPU.Build.0 = Release|Any CPU
		{C67790A4-C102-4856-A257-3B6B418BBB82}.Debug|Any CPU.ActiveCfg = Debug|Any CPU
		{C67790A4-C102-4856-A257-3B6B418BBB82}.Debug|Any CPU.Build.0 = Debug|Any CPU
		{C67790A4-C102-4856-A257-3B6B418BBB82}.Release|Any CPU.ActiveCfg = Release|Any CPU
		{C67790A4-C102-4856-A257-3B6B418BBB82}.Release|Any CPU.Build.0 = Release|Any CPU
		{6BF6E399-6CAE-4204-BD7C-2C6599595045}.Debug|Any CPU.ActiveCfg = Debug|Any CPU
		{6BF6E399-6CAE-4204-BD7C-2C6599595045}.Debug|Any CPU.Build.0 = Debug|Any CPU
		{6BF6E399-6CAE-4204-BD7C-2C6599595045}.Release|Any CPU.ActiveCfg = Release|Any CPU
		{6BF6E399-6CAE-4204-BD7C-2C6599595045}.Release|Any CPU.Build.0 = Release|Any CPU
		{E503106A-4593-4CC4-8B78-1D6C1C6DB715}.Debug|Any CPU.ActiveCfg = Debug|Any CPU
		{E503106A-4593-4CC4-8B78-1D6C1C6DB715}.Debug|Any CPU.Build.0 = Debug|Any CPU
		{E503106A-4593-4CC4-8B78-1D6C1C6DB715}.Release|Any CPU.ActiveCfg = Release|Any CPU
		{E503106A-4593-4CC4-8B78-1D6C1C6DB715}.Release|Any CPU.Build.0 = Release|Any CPU
		{0F582CE9-015E-46B3-B17F-EA75DFD6DCDA}.Debug|Any CPU.ActiveCfg = Debug|Any CPU
		{0F582CE9-015E-46B3-B17F-EA75DFD6DCDA}.Debug|Any CPU.Build.0 = Debug|Any CPU
		{0F582CE9-015E-46B3-B17F-EA75DFD6DCDA}.Release|Any CPU.ActiveCfg = Release|Any CPU
		{0F582CE9-015E-46B3-B17F-EA75DFD6DCDA}.Release|Any CPU.Build.0 = Release|Any CPU
		{F6DCAD6D-6716-42F9-B48A-554585C8F74C}.Debug|Any CPU.ActiveCfg = Debug|Any CPU
		{F6DCAD6D-6716-42F9-B48A-554585C8F74C}.Debug|Any CPU.Build.0 = Debug|Any CPU
		{F6DCAD6D-6716-42F9-B48A-554585C8F74C}.Release|Any CPU.ActiveCfg = Release|Any CPU
		{F6DCAD6D-6716-42F9-B48A-554585C8F74C}.Release|Any CPU.Build.0 = Release|Any CPU
		{75ABB09F-FA33-4C74-ABA3-E5E7FD4E4369}.Debug|Any CPU.ActiveCfg = Debug|Any CPU
		{75ABB09F-FA33-4C74-ABA3-E5E7FD4E4369}.Debug|Any CPU.Build.0 = Debug|Any CPU
		{75ABB09F-FA33-4C74-ABA3-E5E7FD4E4369}.Release|Any CPU.ActiveCfg = Release|Any CPU
		{75ABB09F-FA33-4C74-ABA3-E5E7FD4E4369}.Release|Any CPU.Build.0 = Release|Any CPU
		{3694024C-F111-4AEF-9D67-E49FC05E6FB6}.Debug|Any CPU.ActiveCfg = Debug|Any CPU
		{3694024C-F111-4AEF-9D67-E49FC05E6FB6}.Debug|Any CPU.Build.0 = Debug|Any CPU
		{3694024C-F111-4AEF-9D67-E49FC05E6FB6}.Release|Any CPU.ActiveCfg = Release|Any CPU
		{3694024C-F111-4AEF-9D67-E49FC05E6FB6}.Release|Any CPU.Build.0 = Release|Any CPU
		{0661C717-ABD9-4396-8550-2FD72C5E7FF6}.Debug|Any CPU.ActiveCfg = Debug|Any CPU
		{0661C717-ABD9-4396-8550-2FD72C5E7FF6}.Debug|Any CPU.Build.0 = Debug|Any CPU
		{0661C717-ABD9-4396-8550-2FD72C5E7FF6}.Release|Any CPU.ActiveCfg = Release|Any CPU
		{0661C717-ABD9-4396-8550-2FD72C5E7FF6}.Release|Any CPU.Build.0 = Release|Any CPU
		{450D859C-4312-4211-9D8B-5CEFEDA0F1D8}.Debug|Any CPU.ActiveCfg = Debug|Any CPU
		{450D859C-4312-4211-9D8B-5CEFEDA0F1D8}.Debug|Any CPU.Build.0 = Debug|Any CPU
		{450D859C-4312-4211-9D8B-5CEFEDA0F1D8}.Release|Any CPU.ActiveCfg = Release|Any CPU
		{450D859C-4312-4211-9D8B-5CEFEDA0F1D8}.Release|Any CPU.Build.0 = Release|Any CPU
		{2408C1E8-3669-4B12-9096-12B76AD8B7B5}.Debug|Any CPU.ActiveCfg = Debug|Any CPU
		{2408C1E8-3669-4B12-9096-12B76AD8B7B5}.Debug|Any CPU.Build.0 = Debug|Any CPU
		{2408C1E8-3669-4B12-9096-12B76AD8B7B5}.Release|Any CPU.ActiveCfg = Release|Any CPU
		{2408C1E8-3669-4B12-9096-12B76AD8B7B5}.Release|Any CPU.Build.0 = Release|Any CPU
		{82A0FF80-4E6A-480A-B5A6-DF087D5CAE1A}.Debug|Any CPU.ActiveCfg = Debug|Any CPU
		{82A0FF80-4E6A-480A-B5A6-DF087D5CAE1A}.Debug|Any CPU.Build.0 = Debug|Any CPU
		{82A0FF80-4E6A-480A-B5A6-DF087D5CAE1A}.Release|Any CPU.ActiveCfg = Release|Any CPU
		{82A0FF80-4E6A-480A-B5A6-DF087D5CAE1A}.Release|Any CPU.Build.0 = Release|Any CPU
		{CFAE6294-7B91-40D3-B1DB-6ECEAB33D1E4}.Debug|Any CPU.ActiveCfg = Debug|Any CPU
		{CFAE6294-7B91-40D3-B1DB-6ECEAB33D1E4}.Debug|Any CPU.Build.0 = Debug|Any CPU
		{CFAE6294-7B91-40D3-B1DB-6ECEAB33D1E4}.Release|Any CPU.ActiveCfg = Release|Any CPU
		{CFAE6294-7B91-40D3-B1DB-6ECEAB33D1E4}.Release|Any CPU.Build.0 = Release|Any CPU
		{7C5E0F5E-DD21-437D-938C-EE914E49DB9D}.Debug|Any CPU.ActiveCfg = Debug|Any CPU
		{7C5E0F5E-DD21-437D-938C-EE914E49DB9D}.Debug|Any CPU.Build.0 = Debug|Any CPU
		{7C5E0F5E-DD21-437D-938C-EE914E49DB9D}.Release|Any CPU.ActiveCfg = Release|Any CPU
		{7C5E0F5E-DD21-437D-938C-EE914E49DB9D}.Release|Any CPU.Build.0 = Release|Any CPU
		{95DA904B-B89A-4B6B-ABA5-7C8C8F9A44FC}.Debug|Any CPU.ActiveCfg = Debug|Any CPU
		{95DA904B-B89A-4B6B-ABA5-7C8C8F9A44FC}.Debug|Any CPU.Build.0 = Debug|Any CPU
		{95DA904B-B89A-4B6B-ABA5-7C8C8F9A44FC}.Release|Any CPU.ActiveCfg = Release|Any CPU
		{95DA904B-B89A-4B6B-ABA5-7C8C8F9A44FC}.Release|Any CPU.Build.0 = Release|Any CPU
		{44924F22-FF60-46C1-97F9-1A9BD1B7EE5C}.Debug|Any CPU.ActiveCfg = Debug|Any CPU
		{44924F22-FF60-46C1-97F9-1A9BD1B7EE5C}.Debug|Any CPU.Build.0 = Debug|Any CPU
		{44924F22-FF60-46C1-97F9-1A9BD1B7EE5C}.Release|Any CPU.ActiveCfg = Release|Any CPU
		{44924F22-FF60-46C1-97F9-1A9BD1B7EE5C}.Release|Any CPU.Build.0 = Release|Any CPU
		{EB24DADA-7C85-4BCA-A467-9D0D34B7E35E}.Debug|Any CPU.ActiveCfg = Debug|Any CPU
		{EB24DADA-7C85-4BCA-A467-9D0D34B7E35E}.Debug|Any CPU.Build.0 = Debug|Any CPU
		{EB24DADA-7C85-4BCA-A467-9D0D34B7E35E}.Release|Any CPU.ActiveCfg = Release|Any CPU
		{EB24DADA-7C85-4BCA-A467-9D0D34B7E35E}.Release|Any CPU.Build.0 = Release|Any CPU
		{235D292A-E060-439F-87B9-AF685885D63C}.Debug|Any CPU.ActiveCfg = Debug|Any CPU
		{235D292A-E060-439F-87B9-AF685885D63C}.Debug|Any CPU.Build.0 = Debug|Any CPU
		{235D292A-E060-439F-87B9-AF685885D63C}.Release|Any CPU.ActiveCfg = Release|Any CPU
		{235D292A-E060-439F-87B9-AF685885D63C}.Release|Any CPU.Build.0 = Release|Any CPU
		{F35B92D4-C455-47CB-B3BB-A75EF26EEC88}.Debug|Any CPU.ActiveCfg = Debug|Any CPU
		{F35B92D4-C455-47CB-B3BB-A75EF26EEC88}.Debug|Any CPU.Build.0 = Debug|Any CPU
		{F35B92D4-C455-47CB-B3BB-A75EF26EEC88}.Release|Any CPU.ActiveCfg = Release|Any CPU
		{F35B92D4-C455-47CB-B3BB-A75EF26EEC88}.Release|Any CPU.Build.0 = Release|Any CPU
		{F4175CEC-143A-4245-B7C1-F47CCDDAD854}.Debug|Any CPU.ActiveCfg = Debug|Any CPU
		{F4175CEC-143A-4245-B7C1-F47CCDDAD854}.Debug|Any CPU.Build.0 = Debug|Any CPU
		{F4175CEC-143A-4245-B7C1-F47CCDDAD854}.Release|Any CPU.ActiveCfg = Release|Any CPU
		{F4175CEC-143A-4245-B7C1-F47CCDDAD854}.Release|Any CPU.Build.0 = Release|Any CPU
		{65D113AD-9271-460B-A048-C5738BAEDFFB}.Debug|Any CPU.ActiveCfg = Debug|Any CPU
		{65D113AD-9271-460B-A048-C5738BAEDFFB}.Debug|Any CPU.Build.0 = Debug|Any CPU
		{65D113AD-9271-460B-A048-C5738BAEDFFB}.Release|Any CPU.ActiveCfg = Release|Any CPU
		{65D113AD-9271-460B-A048-C5738BAEDFFB}.Release|Any CPU.Build.0 = Release|Any CPU
		{B4E817CF-AEB6-416E-BF87-B2C7765259EB}.Debug|Any CPU.ActiveCfg = Debug|Any CPU
		{B4E817CF-AEB6-416E-BF87-B2C7765259EB}.Debug|Any CPU.Build.0 = Debug|Any CPU
		{B4E817CF-AEB6-416E-BF87-B2C7765259EB}.Release|Any CPU.ActiveCfg = Release|Any CPU
		{B4E817CF-AEB6-416E-BF87-B2C7765259EB}.Release|Any CPU.Build.0 = Release|Any CPU
		{D06785DE-764D-4A27-BC22-4B177604FD22}.Debug|Any CPU.ActiveCfg = Debug|Any CPU
		{D06785DE-764D-4A27-BC22-4B177604FD22}.Debug|Any CPU.Build.0 = Debug|Any CPU
		{D06785DE-764D-4A27-BC22-4B177604FD22}.Release|Any CPU.ActiveCfg = Release|Any CPU
		{D06785DE-764D-4A27-BC22-4B177604FD22}.Release|Any CPU.Build.0 = Release|Any CPU
		{A2EB9D31-7119-4DA7-9A50-2667058108A1}.Debug|Any CPU.ActiveCfg = Debug|Any CPU
		{A2EB9D31-7119-4DA7-9A50-2667058108A1}.Debug|Any CPU.Build.0 = Debug|Any CPU
		{A2EB9D31-7119-4DA7-9A50-2667058108A1}.Release|Any CPU.ActiveCfg = Release|Any CPU
		{A2EB9D31-7119-4DA7-9A50-2667058108A1}.Release|Any CPU.Build.0 = Release|Any CPU
		{C7E1E371-C81C-45D0-A601-23CC598A4686}.Debug|Any CPU.ActiveCfg = Debug|Any CPU
		{C7E1E371-C81C-45D0-A601-23CC598A4686}.Debug|Any CPU.Build.0 = Debug|Any CPU
		{C7E1E371-C81C-45D0-A601-23CC598A4686}.Release|Any CPU.ActiveCfg = Release|Any CPU
		{C7E1E371-C81C-45D0-A601-23CC598A4686}.Release|Any CPU.Build.0 = Release|Any CPU
		{3477C6A2-73AF-4F43-9594-FC653EE0BBDA}.Debug|Any CPU.ActiveCfg = Debug|Any CPU
		{3477C6A2-73AF-4F43-9594-FC653EE0BBDA}.Debug|Any CPU.Build.0 = Debug|Any CPU
		{3477C6A2-73AF-4F43-9594-FC653EE0BBDA}.Release|Any CPU.ActiveCfg = Release|Any CPU
		{3477C6A2-73AF-4F43-9594-FC653EE0BBDA}.Release|Any CPU.Build.0 = Release|Any CPU
		{FCE4508B-5C4B-4BDB-8D45-8C70EC279FD6}.Debug|Any CPU.ActiveCfg = Debug|Any CPU
		{FCE4508B-5C4B-4BDB-8D45-8C70EC279FD6}.Debug|Any CPU.Build.0 = Debug|Any CPU
		{FCE4508B-5C4B-4BDB-8D45-8C70EC279FD6}.Release|Any CPU.ActiveCfg = Release|Any CPU
		{FCE4508B-5C4B-4BDB-8D45-8C70EC279FD6}.Release|Any CPU.Build.0 = Release|Any CPU
		{A952D1F3-E77A-4978-84FF-7559251F338D}.Debug|Any CPU.ActiveCfg = Debug|Any CPU
		{A952D1F3-E77A-4978-84FF-7559251F338D}.Debug|Any CPU.Build.0 = Debug|Any CPU
		{A952D1F3-E77A-4978-84FF-7559251F338D}.Release|Any CPU.ActiveCfg = Release|Any CPU
		{A952D1F3-E77A-4978-84FF-7559251F338D}.Release|Any CPU.Build.0 = Release|Any CPU
		{86A9D849-DC57-4E89-8FAA-8CD7E1C71F5A}.Debug|Any CPU.ActiveCfg = Debug|Any CPU
		{86A9D849-DC57-4E89-8FAA-8CD7E1C71F5A}.Debug|Any CPU.Build.0 = Debug|Any CPU
		{86A9D849-DC57-4E89-8FAA-8CD7E1C71F5A}.Release|Any CPU.ActiveCfg = Release|Any CPU
		{86A9D849-DC57-4E89-8FAA-8CD7E1C71F5A}.Release|Any CPU.Build.0 = Release|Any CPU
		{A9CE38F9-268C-4EFB-AAB3-EA539A98F8FA}.Debug|Any CPU.ActiveCfg = Debug|Any CPU
		{A9CE38F9-268C-4EFB-AAB3-EA539A98F8FA}.Debug|Any CPU.Build.0 = Debug|Any CPU
		{A9CE38F9-268C-4EFB-AAB3-EA539A98F8FA}.Release|Any CPU.ActiveCfg = Release|Any CPU
		{A9CE38F9-268C-4EFB-AAB3-EA539A98F8FA}.Release|Any CPU.Build.0 = Release|Any CPU
		{F0B1F164-2F02-41E7-9AC1-4DF0E41BCB6E}.Debug|Any CPU.ActiveCfg = Debug|Any CPU
		{F0B1F164-2F02-41E7-9AC1-4DF0E41BCB6E}.Debug|Any CPU.Build.0 = Debug|Any CPU
		{F0B1F164-2F02-41E7-9AC1-4DF0E41BCB6E}.Release|Any CPU.ActiveCfg = Release|Any CPU
		{F0B1F164-2F02-41E7-9AC1-4DF0E41BCB6E}.Release|Any CPU.Build.0 = Release|Any CPU
		{A64B0012-600B-4FC2-ABCB-EC6176F450FE}.Debug|Any CPU.ActiveCfg = Debug|Any CPU
		{A64B0012-600B-4FC2-ABCB-EC6176F450FE}.Debug|Any CPU.Build.0 = Debug|Any CPU
		{A64B0012-600B-4FC2-ABCB-EC6176F450FE}.Release|Any CPU.ActiveCfg = Release|Any CPU
		{A64B0012-600B-4FC2-ABCB-EC6176F450FE}.Release|Any CPU.Build.0 = Release|Any CPU
		{FC39434E-18E9-49F6-B18F-A3FD1ADFA321}.Debug|Any CPU.ActiveCfg = Debug|Any CPU
		{FC39434E-18E9-49F6-B18F-A3FD1ADFA321}.Debug|Any CPU.Build.0 = Debug|Any CPU
		{FC39434E-18E9-49F6-B18F-A3FD1ADFA321}.Release|Any CPU.ActiveCfg = Release|Any CPU
		{FC39434E-18E9-49F6-B18F-A3FD1ADFA321}.Release|Any CPU.Build.0 = Release|Any CPU
		{ABAFF387-5C8A-4D32-A648-E4EB0573DFAC}.Debug|Any CPU.ActiveCfg = Debug|Any CPU
		{ABAFF387-5C8A-4D32-A648-E4EB0573DFAC}.Debug|Any CPU.Build.0 = Debug|Any CPU
		{ABAFF387-5C8A-4D32-A648-E4EB0573DFAC}.Release|Any CPU.ActiveCfg = Release|Any CPU
		{ABAFF387-5C8A-4D32-A648-E4EB0573DFAC}.Release|Any CPU.Build.0 = Release|Any CPU
	EndGlobalSection
	GlobalSection(SolutionProperties) = preSolution
		HideSolutionNode = FALSE
	EndGlobalSection
	GlobalSection(NestedProjects) = preSolution
		{A1702A12-4F00-44F7-9BF3-B90D0EE0117A} = {DD818734-A8F1-482F-9F52-793B9B9C1D5F}
		{3FA32283-8F99-4567-8F18-1433830D42EA} = {A1702A12-4F00-44F7-9BF3-B90D0EE0117A}
		{CEEADB69-6A22-46C6-AD40-E7CCDCBED5EC} = {DD818734-A8F1-482F-9F52-793B9B9C1D5F}
		{5A4D0324-09EE-4104-814B-9FA4D11E321B} = {DD818734-A8F1-482F-9F52-793B9B9C1D5F}
		{56D0A64F-0DE3-4BFF-AC82-C6C45CA66E23} = {5A4D0324-09EE-4104-814B-9FA4D11E321B}
		{568A2B3F-992C-48A1-AD3A-A43872F1BAC9} = {B8ED6D97-95AD-466E-ABD7-5A61C18771BF}
		{894DEAC8-A959-484E-9EEB-7F4FDF17172A} = {568A2B3F-992C-48A1-AD3A-A43872F1BAC9}
		{42F07A9B-B6CC-4634-92BF-5EB1305A0662} = {B8ED6D97-95AD-466E-ABD7-5A61C18771BF}
		{8AAF82CD-E86A-4ACC-8B9B-0A702D39A8CD} = {42F07A9B-B6CC-4634-92BF-5EB1305A0662}
		{4A607B19-C3EA-4922-A7D6-44B67DE74B23} = {B8ED6D97-95AD-466E-ABD7-5A61C18771BF}
		{1C388065-AF28-41F2-B05A-B16ECFACAB4B} = {4A607B19-C3EA-4922-A7D6-44B67DE74B23}
		{C6898F17-465A-4DBF-B5A8-9B09D33C33EF} = {B8ED6D97-95AD-466E-ABD7-5A61C18771BF}
		{B6E5CA26-AF0A-49E4-BF08-830AF87D9D91} = {B8ED6D97-95AD-466E-ABD7-5A61C18771BF}
		{6CF9B78F-AAB0-4F84-8D71-075185E06FA0} = {B6E5CA26-AF0A-49E4-BF08-830AF87D9D91}
		{2A69D80D-B0E4-472C-8B30-83CE5D1D8778} = {B8ED6D97-95AD-466E-ABD7-5A61C18771BF}
		{C67790A4-C102-4856-A257-3B6B418BBB82} = {2A69D80D-B0E4-472C-8B30-83CE5D1D8778}
		{F7204CEE-905A-4472-898E-A12E489E374F} = {B8ED6D97-95AD-466E-ABD7-5A61C18771BF}
		{B8ED6D97-95AD-466E-ABD7-5A61C18771BF} = {CEEADB69-6A22-46C6-AD40-E7CCDCBED5EC}
		{234E9B42-67EA-4A83-B252-5A3D24036635} = {CEEADB69-6A22-46C6-AD40-E7CCDCBED5EC}
		{DBAA06D6-16F2-4AC8-83EE-A9FAED6DD79D} = {234E9B42-67EA-4A83-B252-5A3D24036635}
		{6BF6E399-6CAE-4204-BD7C-2C6599595045} = {DBAA06D6-16F2-4AC8-83EE-A9FAED6DD79D}
		{478B1865-9AC0-4297-A325-400F1D5B68DC} = {B8ED6D97-95AD-466E-ABD7-5A61C18771BF}
		{E503106A-4593-4CC4-8B78-1D6C1C6DB715} = {478B1865-9AC0-4297-A325-400F1D5B68DC}
		{0F582CE9-015E-46B3-B17F-EA75DFD6DCDA} = {F7204CEE-905A-4472-898E-A12E489E374F}
		{F6DCAD6D-6716-42F9-B48A-554585C8F74C} = {C6898F17-465A-4DBF-B5A8-9B09D33C33EF}
		{75ABB09F-FA33-4C74-ABA3-E5E7FD4E4369} = {568A2B3F-992C-48A1-AD3A-A43872F1BAC9}
		{3694024C-F111-4AEF-9D67-E49FC05E6FB6} = {42F07A9B-B6CC-4634-92BF-5EB1305A0662}
		{0661C717-ABD9-4396-8550-2FD72C5E7FF6} = {B6E5CA26-AF0A-49E4-BF08-830AF87D9D91}
		{450D859C-4312-4211-9D8B-5CEFEDA0F1D8} = {4A607B19-C3EA-4922-A7D6-44B67DE74B23}
		{2408C1E8-3669-4B12-9096-12B76AD8B7B5} = {2A69D80D-B0E4-472C-8B30-83CE5D1D8778}
		{D7980213-9778-42C3-9F98-9ACC4FD5880E} = {5A4D0324-09EE-4104-814B-9FA4D11E321B}
		{82A0FF80-4E6A-480A-B5A6-DF087D5CAE1A} = {D7980213-9778-42C3-9F98-9ACC4FD5880E}
		{5D0ABCEB-DF92-4B33-AC14-DE4CD6F96201} = {5A4D0324-09EE-4104-814B-9FA4D11E321B}
		{CFAE6294-7B91-40D3-B1DB-6ECEAB33D1E4} = {F7204CEE-905A-4472-898E-A12E489E374F}
		{7C5E0F5E-DD21-437D-938C-EE914E49DB9D} = {C6898F17-465A-4DBF-B5A8-9B09D33C33EF}
		{A7F1B43D-537F-40D3-90A4-A33B3F64FB60} = {B8ED6D97-95AD-466E-ABD7-5A61C18771BF}
		{95DA904B-B89A-4B6B-ABA5-7C8C8F9A44FC} = {A7F1B43D-537F-40D3-90A4-A33B3F64FB60}
		{44924F22-FF60-46C1-97F9-1A9BD1B7EE5C} = {A7F1B43D-537F-40D3-90A4-A33B3F64FB60}
		{93B639E9-D4F6-43AE-913C-45459BCF1EDD} = {CEEADB69-6A22-46C6-AD40-E7CCDCBED5EC}
		{7095A286-1846-4051-B9E6-98D5CB16B9F3} = {5D0ABCEB-DF92-4B33-AC14-DE4CD6F96201}
		{1C1B2B60-997F-448C-A990-1B35E3ABA55C} = {5D0ABCEB-DF92-4B33-AC14-DE4CD6F96201}
		{EB24DADA-7C85-4BCA-A467-9D0D34B7E35E} = {1C1B2B60-997F-448C-A990-1B35E3ABA55C}
		{7853826B-9DBC-4C82-9FC0-3550DDF70EE8} = {5A4D0324-09EE-4104-814B-9FA4D11E321B}
		{235D292A-E060-439F-87B9-AF685885D63C} = {1C1B2B60-997F-448C-A990-1B35E3ABA55C}
		{F35B92D4-C455-47CB-B3BB-A75EF26EEC88} = {1C1B2B60-997F-448C-A990-1B35E3ABA55C}
		{F4175CEC-143A-4245-B7C1-F47CCDDAD854} = {7095A286-1846-4051-B9E6-98D5CB16B9F3}
		{65D113AD-9271-460B-A048-C5738BAEDFFB} = {56D0A64F-0DE3-4BFF-AC82-C6C45CA66E23}
		{B4E817CF-AEB6-416E-BF87-B2C7765259EB} = {7853826B-9DBC-4C82-9FC0-3550DDF70EE8}
		{D06785DE-764D-4A27-BC22-4B177604FD22} = {7853826B-9DBC-4C82-9FC0-3550DDF70EE8}
		{A2EB9D31-7119-4DA7-9A50-2667058108A1} = {7095A286-1846-4051-B9E6-98D5CB16B9F3}
		{3E9DC612-FDFD-46B7-A882-9A4973873F32} = {93B639E9-D4F6-43AE-913C-45459BCF1EDD}
		{662A1535-7ACA-4EA0-9AEC-C0F3D731A841} = {B8ED6D97-95AD-466E-ABD7-5A61C18771BF}
		{C7E1E371-C81C-45D0-A601-23CC598A4686} = {662A1535-7ACA-4EA0-9AEC-C0F3D731A841}
		{3477C6A2-73AF-4F43-9594-FC653EE0BBDA} = {3E9DC612-FDFD-46B7-A882-9A4973873F32}
		{FCE4508B-5C4B-4BDB-8D45-8C70EC279FD6} = {3E9DC612-FDFD-46B7-A882-9A4973873F32}
		{A952D1F3-E77A-4978-84FF-7559251F338D} = {F7204CEE-905A-4472-898E-A12E489E374F}
		{86A9D849-DC57-4E89-8FAA-8CD7E1C71F5A} = {3E9DC612-FDFD-46B7-A882-9A4973873F32}
		{A9CE38F9-268C-4EFB-AAB3-EA539A98F8FA} = {3E9DC612-FDFD-46B7-A882-9A4973873F32}
		{64BD18B2-B89D-4C0D-B6AA-58C04E079066} = {5A4D0324-09EE-4104-814B-9FA4D11E321B}
		{F0B1F164-2F02-41E7-9AC1-4DF0E41BCB6E} = {64BD18B2-B89D-4C0D-B6AA-58C04E079066}
		{A64B0012-600B-4FC2-ABCB-EC6176F450FE} = {A7F1B43D-537F-40D3-90A4-A33B3F64FB60}
		{FC39434E-18E9-49F6-B18F-A3FD1ADFA321} = {A7F1B43D-537F-40D3-90A4-A33B3F64FB60}
		{ABAFF387-5C8A-4D32-A648-E4EB0573DFAC} = {7853826B-9DBC-4C82-9FC0-3550DDF70EE8}
	EndGlobalSection
	GlobalSection(ExtensibilityGlobals) = postSolution
		SolutionGuid = {EFC2B589-7633-4F4E-A0D8-0509C36A83A5}
	EndGlobalSection
EndGlobal
